
Microsoft Visual Studio Solution File, Format Version 11.00
# Visual Studio 2010
Project("{2150E333-8FDC-42A3-9474-1A3956D46DE8}") = "pkg_Example", "pkg_Example", "{6FA67746-ED45-4AF7-883D-CBC44B286598}"
	ProjectSection(SolutionItems) = preProject
		code\pkg_Example\Readme.txt = code\pkg_Example\Readme.txt
	EndProjectSection
EndProject
Project("{2150E333-8FDC-42A3-9474-1A3956D46DE8}") = "pkg_UnitTest", "pkg_UnitTest", "{A6E2457E-9CAF-442F-BC2A-F98B388AEBA0}"
	ProjectSection(SolutionItems) = preProject
		code\pkg_UnitTest\Readme.txt = code\pkg_UnitTest\Readme.txt
	EndProjectSection
EndProject
Project("{2150E333-8FDC-42A3-9474-1A3956D46DE8}") = "pkg_Utility", "pkg_Utility", "{DB9BAF5F-CC1B-4AFB-A3B1-7001414D6640}"
	ProjectSection(SolutionItems) = preProject
		code\pkg_Utility\Readme.txt = code\pkg_Utility\Readme.txt
	EndProjectSection
EndProject
Project("{8BC9CEB8-8B4A-11D0-8D11-00A0C91BC942}") = "Win32DllTempl", "code\pkg_Example\Modules\Win32DllTempl\Win32DllTempl_vc100.vcxproj", "{2910416B-AABD-4387-B8F8-23B52E7EE136}"
EndProject
Project("{8BC9CEB8-8B4A-11D0-8D11-00A0C91BC942}") = "MFCExtTempl", "code\pkg_Example\Modules\MFCExtTempl\MFCExtTempl_vc100.vcxproj", "{48A37298-CA36-4EC6-A681-2EB59955A597}"
EndProject
Project("{8BC9CEB8-8B4A-11D0-8D11-00A0C91BC942}") = "SimpleUse", "code\pkg_Example\Modules\SimpleUse\SimpleUse_vc100.vcxproj", "{7AF53EA7-2E39-4D81-8864-32F271EE850E}"
EndProject
Project("{8BC9CEB8-8B4A-11D0-8D11-00A0C91BC942}") = "SimpleApp", "code\pkg_Example\Modules\SimpleApp\SimpleApp_vc100.vcxproj", "{FEB2350C-E834-427E-A1B5-AEBE42614C9F}"
EndProject
Project("{8BC9CEB8-8B4A-11D0-8D11-00A0C91BC942}") = "ChangeObserverExample", "code\pkg_Example\Modules\ChangeObserverExample\ChangeObserverExample_vc100.vcxproj", "{FF51AA2B-4E49-41C4-AD09-F052505FBC91}"
EndProject
Project("{2150E333-8FDC-42A3-9474-1A3956D46DE8}") = "pkg_Core", "pkg_Core", "{A590519D-DE16-448D-99BF-C13C629DB0A1}"
	ProjectSection(SolutionItems) = preProject
		code\pkg_Core\Readme.txt = code\pkg_Core\Readme.txt
	EndProjectSection
EndProject
Project("{8BC9CEB8-8B4A-11D0-8D11-00A0C91BC942}") = "ChangeManager", "code\pkg_Core\Modules\ChangeManager\ChangeManager_vc100.vcxproj", "{B2E711A0-59CB-4D82-9E2D-6E013982A855}"
EndProject
Project("{8BC9CEB8-8B4A-11D0-8D11-00A0C91BC942}") = "StringTable", "code\pkg_Core\Modules\StringTable\StringTable_vc100.vcxproj", "{AA20A826-A059-4A06-8C56-61644C7091C1}"
EndProject
Project("{8BC9CEB8-8B4A-11D0-8D11-00A0C91BC942}") = "PluginManager", "code\pkg_Core\Modules\PluginManager\PluginManager_vc100.vcxproj", "{66E531CD-58C3-4AC4-B17E-2DEA45F65925}"
EndProject
Project("{8BC9CEB8-8B4A-11D0-8D11-00A0C91BC942}") = "LogManager", "code\pkg_Core\Modules\LogManager\LogManager_vc100.vcxproj", "{49E0B05C-CD3A-463C-B00E-D805EB8F69E6}"
EndProject
Project("{8BC9CEB8-8B4A-11D0-8D11-00A0C91BC942}") = "ConfigXml", "code\pkg_Core\Modules\ConfigXml\ConfigXml_vc100.vcxproj", "{18DB65E6-1529-4AA5-B642-09D2FDEB8D50}"
EndProject
Project("{8BC9CEB8-8B4A-11D0-8D11-00A0C91BC942}") = "ConfigDB", "code\pkg_Utility\Modules\ConfigDB\ConfigDB_vc100.vcxproj", "{1F55C7C1-DD81-4A14-BE31-9E23146A0C17}"
EndProject
Project("{8BC9CEB8-8B4A-11D0-8D11-00A0C91BC942}") = "TextUtility", "code\pkg_Utility\Modules\TextUtility\TextUtility_vc100.vcxproj", "{EBBB309E-042D-4DCD-BF64-A107D53948A8}"
EndProject
Project("{8BC9CEB8-8B4A-11D0-8D11-00A0C91BC942}") = "LogWriter", "code\pkg_Utility\Modules\LogWriter\LogWriter_vc100.vcxproj", "{CDB2BEC5-E1A8-4862-BF6D-7261C870EDCF}"
EndProject
Project("{8BC9CEB8-8B4A-11D0-8D11-00A0C91BC942}") = "FileUtility", "code\pkg_Utility\Modules\FileUtility\FileUtility_vc100.vcxproj", "{EB59F685-D64B-425B-830D-EE123C6E5B94}"
EndProject
Project("{8BC9CEB8-8B4A-11D0-8D11-00A0C91BC942}") = "TestCore", "code\pkg_UnitTest\Modules\TestCore\TestCore_vc100.vcxproj", "{2BE7620A-5BBE-4128-9520-1287361C3979}"
EndProject
Project("{2150E333-8FDC-42A3-9474-1A3956D46DE8}") = "pkg_AppUI", "pkg_AppUI", "{9368226A-6302-450B-9E58-9A30DAB64284}"
	ProjectSection(SolutionItems) = preProject
		code\pkg_AppUI\Readme.txt = code\pkg_AppUI\Readme.txt
	EndProjectSection
EndProject
Global
	GlobalSection(SolutionConfigurationPlatforms) = preSolution
		Debug|Win32 = Debug|Win32
		Release|Win32 = Release|Win32
	EndGlobalSection
	GlobalSection(ProjectConfigurationPlatforms) = postSolution
		{2910416B-AABD-4387-B8F8-23B52E7EE136}.Debug|Win32.ActiveCfg = Debug|Win32
		{2910416B-AABD-4387-B8F8-23B52E7EE136}.Debug|Win32.Build.0 = Debug|Win32
		{2910416B-AABD-4387-B8F8-23B52E7EE136}.Release|Win32.ActiveCfg = Release|Win32
		{2910416B-AABD-4387-B8F8-23B52E7EE136}.Release|Win32.Build.0 = Release|Win32
		{48A37298-CA36-4EC6-A681-2EB59955A597}.Debug|Win32.ActiveCfg = Debug|Win32
		{48A37298-CA36-4EC6-A681-2EB59955A597}.Debug|Win32.Build.0 = Debug|Win32
		{48A37298-CA36-4EC6-A681-2EB59955A597}.Release|Win32.ActiveCfg = Release|Win32
		{48A37298-CA36-4EC6-A681-2EB59955A597}.Release|Win32.Build.0 = Release|Win32
		{7AF53EA7-2E39-4D81-8864-32F271EE850E}.Debug|Win32.ActiveCfg = Debug|Win32
		{7AF53EA7-2E39-4D81-8864-32F271EE850E}.Debug|Win32.Build.0 = Debug|Win32
		{7AF53EA7-2E39-4D81-8864-32F271EE850E}.Release|Win32.ActiveCfg = Release|Win32
		{7AF53EA7-2E39-4D81-8864-32F271EE850E}.Release|Win32.Build.0 = Release|Win32
		{FEB2350C-E834-427E-A1B5-AEBE42614C9F}.Debug|Win32.ActiveCfg = Debug|Win32
		{FEB2350C-E834-427E-A1B5-AEBE42614C9F}.Debug|Win32.Build.0 = Debug|Win32
		{FEB2350C-E834-427E-A1B5-AEBE42614C9F}.Release|Win32.ActiveCfg = Release|Win32
		{FEB2350C-E834-427E-A1B5-AEBE42614C9F}.Release|Win32.Build.0 = Release|Win32
		{FF51AA2B-4E49-41C4-AD09-F052505FBC91}.Debug|Win32.ActiveCfg = Debug|Win32
		{FF51AA2B-4E49-41C4-AD09-F052505FBC91}.Debug|Win32.Build.0 = Debug|Win32
		{FF51AA2B-4E49-41C4-AD09-F052505FBC91}.Release|Win32.ActiveCfg = Release|Win32
		{FF51AA2B-4E49-41C4-AD09-F052505FBC91}.Release|Win32.Build.0 = Release|Win32
		{B2E711A0-59CB-4D82-9E2D-6E013982A855}.Debug|Win32.ActiveCfg = Debug|Win32
		{B2E711A0-59CB-4D82-9E2D-6E013982A855}.Debug|Win32.Build.0 = Debug|Win32
		{B2E711A0-59CB-4D82-9E2D-6E013982A855}.Release|Win32.ActiveCfg = Release|Win32
		{B2E711A0-59CB-4D82-9E2D-6E013982A855}.Release|Win32.Build.0 = Release|Win32
		{AA20A826-A059-4A06-8C56-61644C7091C1}.Debug|Win32.ActiveCfg = Debug|Win32
		{AA20A826-A059-4A06-8C56-61644C7091C1}.Debug|Win32.Build.0 = Debug|Win32
		{AA20A826-A059-4A06-8C56-61644C7091C1}.Release|Win32.ActiveCfg = Release|Win32
		{AA20A826-A059-4A06-8C56-61644C7091C1}.Release|Win32.Build.0 = Release|Win32
		{66E531CD-58C3-4AC4-B17E-2DEA45F65925}.Debug|Win32.ActiveCfg = Debug|Win32
		{66E531CD-58C3-4AC4-B17E-2DEA45F65925}.Debug|Win32.Build.0 = Debug|Win32
		{66E531CD-58C3-4AC4-B17E-2DEA45F65925}.Release|Win32.ActiveCfg = Release|Win32
		{66E531CD-58C3-4AC4-B17E-2DEA45F65925}.Release|Win32.Build.0 = Release|Win32
		{49E0B05C-CD3A-463C-B00E-D805EB8F69E6}.Debug|Win32.ActiveCfg = Debug|Win32
		{49E0B05C-CD3A-463C-B00E-D805EB8F69E6}.Debug|Win32.Build.0 = Debug|Win32
		{49E0B05C-CD3A-463C-B00E-D805EB8F69E6}.Release|Win32.ActiveCfg = Release|Win32
		{49E0B05C-CD3A-463C-B00E-D805EB8F69E6}.Release|Win32.Build.0 = Release|Win32
		{18DB65E6-1529-4AA5-B642-09D2FDEB8D50}.Debug|Win32.ActiveCfg = Debug|Win32
		{18DB65E6-1529-4AA5-B642-09D2FDEB8D50}.Debug|Win32.Build.0 = Debug|Win32
		{18DB65E6-1529-4AA5-B642-09D2FDEB8D50}.Release|Win32.ActiveCfg = Release|Win32
		{18DB65E6-1529-4AA5-B642-09D2FDEB8D50}.Release|Win32.Build.0 = Release|Win32
		{1F55C7C1-DD81-4A14-BE31-9E23146A0C17}.Debug|Win32.ActiveCfg = Debug|Win32
		{1F55C7C1-DD81-4A14-BE31-9E23146A0C17}.Debug|Win32.Build.0 = Debug|Win32
		{1F55C7C1-DD81-4A14-BE31-9E23146A0C17}.Release|Win32.ActiveCfg = Release|Win32
		{1F55C7C1-DD81-4A14-BE31-9E23146A0C17}.Release|Win32.Build.0 = Release|Win32
		{EBBB309E-042D-4DCD-BF64-A107D53948A8}.Debug|Win32.ActiveCfg = Debug|Win32
		{EBBB309E-042D-4DCD-BF64-A107D53948A8}.Debug|Win32.Build.0 = Debug|Win32
		{EBBB309E-042D-4DCD-BF64-A107D53948A8}.Release|Win32.ActiveCfg = Release|Win32
		{EBBB309E-042D-4DCD-BF64-A107D53948A8}.Release|Win32.Build.0 = Release|Win32
		{CDB2BEC5-E1A8-4862-BF6D-7261C870EDCF}.Debug|Win32.ActiveCfg = Debug|Win32
		{CDB2BEC5-E1A8-4862-BF6D-7261C870EDCF}.Debug|Win32.Build.0 = Debug|Win32
		{CDB2BEC5-E1A8-4862-BF6D-7261C870EDCF}.Release|Win32.ActiveCfg = Release|Win32
		{CDB2BEC5-E1A8-4862-BF6D-7261C870EDCF}.Release|Win32.Build.0 = Release|Win32
		{EB59F685-D64B-425B-830D-EE123C6E5B94}.Debug|Win32.ActiveCfg = Debug|Win32
		{EB59F685-D64B-425B-830D-EE123C6E5B94}.Debug|Win32.Build.0 = Debug|Win32
		{EB59F685-D64B-425B-830D-EE123C6E5B94}.Release|Win32.ActiveCfg = Release|Win32
		{EB59F685-D64B-425B-830D-EE123C6E5B94}.Release|Win32.Build.0 = Release|Win32
		{2BE7620A-5BBE-4128-9520-1287361C3979}.Debug|Win32.ActiveCfg = Debug|Win32
		{2BE7620A-5BBE-4128-9520-1287361C3979}.Debug|Win32.Build.0 = Debug|Win32
		{2BE7620A-5BBE-4128-9520-1287361C3979}.Release|Win32.ActiveCfg = Release|Win32
		{2BE7620A-5BBE-4128-9520-1287361C3979}.Release|Win32.Build.0 = Release|Win32
	EndGlobalSection
	GlobalSection(SolutionProperties) = preSolution
		HideSolutionNode = FALSE
	EndGlobalSection
	GlobalSection(NestedProjects) = preSolution
		{2910416B-AABD-4387-B8F8-23B52E7EE136} = {6FA67746-ED45-4AF7-883D-CBC44B286598}
		{48A37298-CA36-4EC6-A681-2EB59955A597} = {6FA67746-ED45-4AF7-883D-CBC44B286598}
		{7AF53EA7-2E39-4D81-8864-32F271EE850E} = {6FA67746-ED45-4AF7-883D-CBC44B286598}
		{FEB2350C-E834-427E-A1B5-AEBE42614C9F} = {6FA67746-ED45-4AF7-883D-CBC44B286598}
		{FF51AA2B-4E49-41C4-AD09-F052505FBC91} = {6FA67746-ED45-4AF7-883D-CBC44B286598}
		{2BE7620A-5BBE-4128-9520-1287361C3979} = {A6E2457E-9CAF-442F-BC2A-F98B388AEBA0}
		{1F55C7C1-DD81-4A14-BE31-9E23146A0C17} = {DB9BAF5F-CC1B-4AFB-A3B1-7001414D6640}
		{EBBB309E-042D-4DCD-BF64-A107D53948A8} = {DB9BAF5F-CC1B-4AFB-A3B1-7001414D6640}
		{CDB2BEC5-E1A8-4862-BF6D-7261C870EDCF} = {DB9BAF5F-CC1B-4AFB-A3B1-7001414D6640}
		{EB59F685-D64B-425B-830D-EE123C6E5B94} = {DB9BAF5F-CC1B-4AFB-A3B1-7001414D6640}
		{B2E711A0-59CB-4D82-9E2D-6E013982A855} = {A590519D-DE16-448D-99BF-C13C629DB0A1}
		{AA20A826-A059-4A06-8C56-61644C7091C1} = {A590519D-DE16-448D-99BF-C13C629DB0A1}
		{66E531CD-58C3-4AC4-B17E-2DEA45F65925} = {A590519D-DE16-448D-99BF-C13C629DB0A1}
		{49E0B05C-CD3A-463C-B00E-D805EB8F69E6} = {A590519D-DE16-448D-99BF-C13C629DB0A1}
		{18DB65E6-1529-4AA5-B642-09D2FDEB8D50} = {A590519D-DE16-448D-99BF-C13C629DB0A1}
	EndGlobalSection
EndGlobal
