<?xml version="1.0" encoding="UTF-8" standalone="yes" ?>
<CodeBlocks_project_file>
	<FileVersion major="1" minor="6" />
	<Project>
		<Option title="ChangeManager" />
		<Option pch_mode="2" />
		<Option compiler="gcc" />
		<Build>
			<Target title="Win32 Release">
				<Option output="..\..\code\bin\gcc\Release\Plugins\ChangeManager.plugin" prefix_auto="1" extension_auto="1" />
				<Option object_output="..\..\obj\gcc\Release\ChangeManager" />
				<Option type="3" />
				<Option compiler="gcc" />
				<Option createDefFile="1" />
				<Option createStaticLib="1" />
				<Compiler>
					<Add option="-Wall" />
					<Add option="-fexceptions" />
					<Add option="-O2" />
					<Add option="-DNDEBUG" />
					<Add option="-DWIN32" />
					<Add option="-D_WINDOWS" />
					<Add option="-D_USRDLL" />
					<Add option="-DUNICODE" />
					<Add option="-D_UNICODE" />
					<Add directory="..\..\code\pkg_Core\Modules\ChangeManager" />
					<Add directory="..\..\code\pkg_Core\Interface" />
					<Add directory="..\..\code\pkg_Core\Interface\Module" />
					<Add directory="..\..\code\pkg_Core\Interface\UtilFunc" />
					<Add directory="..\..\code\pkg_Core\Interface\ChangeObserver" />
				</Compiler>
				<Linker>
					<Add option="--implib ..\..\obj\gcc\Release\Lib/ChangeManager.lib" />
					<Add library='&quot;..\..\obj\gcc\Release\Lib/ChangeManager' />
				</Linker>
			</Target>
			<Target title="Win32 Debug">
				<Option output="..\..\code\bin\gcc\Debug\Plugins\ChangeManager.plugin" prefix_auto="1" extension_auto="1" />
				<Option object_output="..\..\obj\gcc\Debug\ChangeManager" />
				<Option type="3" />
				<Option compiler="gcc" />
				<Option createDefFile="1" />
				<Option createStaticLib="1" />
				<Compiler>
					<Add option="-Wall" />
					<Add option="-fexceptions" />
					<Add option="-g" />
					<Add option="-D_DEBUG" />
					<Add option="-DWIN32" />
					<Add option="-D_WINDOWS" />
					<Add option="-D_USRDLL" />
					<Add option="-DUNICODE" />
					<Add option="-D_UNICODE" />
					<Add directory="..\..\code\pkg_Core\Modules\ChangeManager" />
					<Add directory="..\..\code\pkg_Core\Interface" />
					<Add directory="..\..\code\pkg_Core\Interface\Module" />
					<Add directory="..\..\code\pkg_Core\Interface\UtilFunc" />
					<Add directory="..\..\code\pkg_Core\Interface\ChangeObserver" />
				</Compiler>
				<Linker>
					<Add option="--implib ..\..\obj\gcc\Debug\Lib/ChangeManager.lib" />
					<Add library='&quot;..\..\obj\gcc\Debug\Lib/ChangeManager' />
				</Linker>
			</Target>
		</Build>
		<Unit filename="..\..\code\pkg_Core\Interface\ChangeObserver\ChangeNotifyData.h" />
		<Unit filename="..\..\code\pkg_Core\Interface\ChangeObserver\Ix_ChangeManager.h" />
		<Unit filename="..\..\code\pkg_Core\Interface\ChangeObserver\Ix_ChangeObserver.h" />
		<Unit filename="..\..\code\pkg_Core\Modules\ChangeManager\Cx_ChangeManager.h" />
		<Unit filename="..\..\code\pkg_Core\Modules\ChangeManager\StdAfx.h" />
		<Unit filename="..\..\code\pkg_Core\Modules\ChangeManager\Cx_ChangeManager.cpp" />
		<Unit filename="..\..\code\pkg_Core\Modules\ChangeManager\Module.cpp" />
		<Unit filename="..\..\code\pkg_Core\Modules\ChangeManager\StdAfx.cpp" />
		<Unit filename="..\..\code\pkg_Core\Modules\ChangeManager\ChangeManager.rc">
			<Option compilerVar="WINDRES" />
		</Unit>
		<Unit filename="..\..\code\pkg_Core\Modules\ChangeManager\Version.rc2" />
		<Extensions>
			<code_completion />
			<debugger />
		</Extensions>
	</Project>
</CodeBlocks_project_file>
