<?xml version="1.0" encoding="UTF-8" standalone="yes" ?>
<CodeBlocks_project_file>
	<FileVersion major="1" minor="6" />
	<Project>
		<Option title="ChangeObserverExample" />
		<Option pch_mode="2" />
		<Option compiler="gcc" />
		<Build>
			<Target title="Release">
				<Option output="..\..\code\bin\gcc\Release\Plugins\ChangeObserverExample.plugin.dll" prefix_auto="1" extension_auto="1" />
				<Option object_output="..\..\obj\gcc\Release\ChangeObserverExample" />
				<Option type="3" />
				<Option compiler="gcc" />
				<Option createDefFile="1" />
				<Option createStaticLib="1" />
				<Compiler>
					<Add option="-Wall" />
					<Add option="-fexceptions" />
					<Add option="-O2" />
					<Add option="-DNDEBUG" />
					<Add option="-D__linux__" />
					<Add option="-DUNICODE" />
					<Add option="-D_UNICODE" />
					<Add directory="..\..\code\pkg_Example\Modules\ChangeObserverExample" />
					<Add directory="..\..\code\pkg_Example\Interface" />
					<Add directory="..\..\code\pkg_Core\Interface" />
					<Add directory="..\..\code\pkg_Core\Interface\Module" />
					<Add directory="..\..\code\pkg_Core\Interface\UtilFunc" />
					<Add directory="..\..\code\pkg_Core\Interface\ChangeObserver" />
				</Compiler>
			</Target>
			<Target title="Debug">
				<Option output="..\..\code\bin\gcc\Debug\Plugins\ChangeObserverExample.plugin.dll" prefix_auto="1" extension_auto="1" />
				<Option object_output="..\..\obj\gcc\Debug\ChangeObserverExample" />
				<Option type="3" />
				<Option compiler="gcc" />
				<Option createDefFile="1" />
				<Option createStaticLib="1" />
				<Compiler>
					<Add option="-Wall" />
					<Add option="-fexceptions" />
					<Add option="-g" />
					<Add option="-D_DEBUG" />
					<Add option="-D__linux__" />
					<Add option="-DUNICODE" />
					<Add option="-D_UNICODE" />
					<Add directory="..\..\code\pkg_Example\Modules\ChangeObserverExample" />
					<Add directory="..\..\code\pkg_Example\Interface" />
					<Add directory="..\..\code\pkg_Core\Interface" />
					<Add directory="..\..\code\pkg_Core\Interface\Module" />
					<Add directory="..\..\code\pkg_Core\Interface\UtilFunc" />
					<Add directory="..\..\code\pkg_Core\Interface\ChangeObserver" />
				</Compiler>
			</Target>
		</Build>
		<Unit filename="..\..\code\pkg_Example\Modules\ChangeObserverExample\ChainObserver.h" />
		<Unit filename="..\..\code\pkg_Example\Modules\ChangeObserverExample\ChainObserverB.h" />
		<Unit filename="..\..\code\pkg_Example\Modules\ChangeObserverExample\DocEventObserver.h" />
		<Unit filename="..\..\code\pkg_Example\Interface\Ix_ChangeObserverTest.h" />
		<Unit filename="..\..\code\pkg_Example\Modules\ChangeObserverExample\NodeSelectionObserver.h" />
		<Unit filename="..\..\code\pkg_Example\Modules\ChangeObserverExample\SelectionObserverTest.h" />
		<Unit filename="..\..\code\pkg_Example\Modules\ChangeObserverExample\Cx_ObserverTest.h" />
		<Unit filename="..\..\code\pkg_Example\Modules\ChangeObserverExample\DocObserverTest.h" />
		<Unit filename="..\..\code\pkg_Example\Modules\ChangeObserverExample\Responsibility.h" />
		<Unit filename="..\..\code\pkg_Example\Modules\ChangeObserverExample\ResponsibilityB.h" />
		<Unit filename="..\..\code\pkg_Example\Modules\ChangeObserverExample\Cx_ObserverTest.cpp" />
		<Unit filename="..\..\code\pkg_Example\Modules\ChangeObserverExample\Module.cpp" />
		<Unit filename="..\..\code\pkg_Example\Modules\ChangeObserverExample\Plugin.cpp" />
		<Extensions>
			<code_completion />
			<debugger />
		</Extensions>
	</Project>
</CodeBlocks_project_file>
