<?xml version="1.0" encoding="UTF-8" standalone="yes" ?>
<CodeBlocks_project_file>
	<FileVersion major="1" minor="6" />
	<Project>
		<Option title="SimpleUse" />
		<Option pch_mode="2" />
		<Option compiler="gcc" />
		<Build>
			<Target title="Win32 Release">
				<Option output="..\..\code\bin\gcc\Release\UnitTests\SimpleUse" prefix_auto="1" extension_auto="1" />
				<Option object_output="..\..\obj\gcc\Release\SimpleUse" />
				<Option type="1" />
				<Option compiler="gcc" />
				<Compiler>
					<Add option="-W" />
					<Add option="-fexceptions" />
					<Add option="-O2" />
					<Add option="-DWIN32" />
					<Add option="-DNDEBUG" />
					<Add option="-D_CONSOLE" />
					<Add option="-D_MBCS" />
					<Add option="-Wall" />
					<Add option="-DUNICODE" />
					<Add option="-D_UNICODE" />
					<Add directory="..\..\code\pkg_Example\Modules\SimpleUse" />
					<Add directory="..\..\code\pkg_Example\Interface" />
					<Add directory="..\..\code\pkg_Core\Interface" />
					<Add directory="..\..\code\pkg_Core\Interface\PluginManager" />
				</Compiler>
				<Linker>
					<Add library="kernel32" />
					<Add library="user32" />
					<Add library="gdi32" />
					<Add library="winspool" />
					<Add library="comdlg32" />
					<Add library="advapi32" />
					<Add library="shell32" />
					<Add library="ole32" />
					<Add library="oleaut32" />
					<Add library="uuid" />
					<Add library="odbc32" />
					<Add library="odbccp32" />
				</Linker>
			</Target>
			<Target title="Win32 Debug">
				<Option output="..\..\code\bin\gcc\Debug\UnitTests\SimpleUse" prefix_auto="1" extension_auto="1" />
				<Option object_output="..\..\obj\gcc\Debug\SimpleUse" />
				<Option type="1" />
				<Option compiler="gcc" />
				<Compiler>
					<Add option="-W" />
					<Add option="-fexceptions" />
					<Add option="-g" />
					<Add option="-DWIN32" />
					<Add option="-D_DEBUG" />
					<Add option="-D_CONSOLE" />
					<Add option="-D_MBCS" />
					<Add option="-Wall" />
					<Add option="-DUNICODE" />
					<Add option="-D_UNICODE" />
					<Add directory="..\..\code\pkg_Example\Modules\SimpleUse" />
					<Add directory="..\..\code\pkg_Example\Interface" />
					<Add directory="..\..\code\pkg_Core\Interface" />
					<Add directory="..\..\code\pkg_Core\Interface\PluginManager" />
				</Compiler>
				<Linker>
					<Add library="kernel32" />
					<Add library="user32" />
					<Add library="gdi32" />
					<Add library="winspool" />
					<Add library="comdlg32" />
					<Add library="advapi32" />
					<Add library="shell32" />
					<Add library="ole32" />
					<Add library="oleaut32" />
					<Add library="uuid" />
					<Add library="odbc32" />
					<Add library="odbccp32" />
				</Linker>
			</Target>
		</Build>
		<Unit filename="..\..\code\pkg_Example\Modules\SimpleUse\Main.cpp" />
		<Unit filename="..\..\code\pkg_Example\Modules\SimpleUse\StdAfx.cpp" />
		<Unit filename="..\..\code\pkg_Example\Modules\SimpleUse\StdAfx.h" />
		<Extensions>
			<code_completion />
			<debugger />
		</Extensions>
	</Project>
</CodeBlocks_project_file>
