<?xml version="1.0" encoding="UTF-8" standalone="yes" ?>
<CodeBlocks_project_file>
	<FileVersion major="1" minor="6" />
	<Project>
		<Option title="SimpleApp" />
		<Option pch_mode="2" />
		<Option compiler="gcc" />
		<Build>
			<Target title="Release">
				<Option output="..\..\code\bin\gcc\Release\UnitTests\SimpleApp" prefix_auto="1" extension_auto="1" />
				<Option object_output="..\..\obj\gcc\Release\SimpleApp" />
				<Option type="1" />
				<Option compiler="gcc" />
				<Compiler>
					<Add option="-W" />
					<Add option="-fexceptions" />
					<Add option="-O2" />
					<Add option="-D__linux__" />
					<Add option="-DNDEBUG" />
					<Add option="-D_CONSOLE" />
					<Add option="-D_MBCS" />
					<Add option="-Wall" />
					<Add option="-DUNICODE" />
					<Add option="-D_UNICODE" />
					<Add directory="..\..\code\pkg_Example\Modules\SimpleApp" />
					<Add directory="..\..\code\pkg_Example\Interface" />
					<Add directory="..\..\code\pkg_Core\Interface" />
					<Add directory="..\..\code\pkg_Core\Interface\PluginManager" />
					<Add directory="..\..\code\pkg_Core\Interface\UtilFunc" />
				</Compiler>
				<Linker>
				</Linker>
			</Target>
			<Target title="Debug">
				<Option output="..\..\code\bin\gcc\Debug\UnitTests\SimpleApp" prefix_auto="1" extension_auto="1" />
				<Option object_output="..\..\obj\gcc\Debug\SimpleApp" />
				<Option type="1" />
				<Option compiler="gcc" />
				<Compiler>
					<Add option="-W" />
					<Add option="-fexceptions" />
					<Add option="-g" />
					<Add option="-D__linux__" />
					<Add option="-D_DEBUG" />
					<Add option="-D_CONSOLE" />
					<Add option="-D_MBCS" />
					<Add option="-Wall" />
					<Add option="-DUNICODE" />
					<Add option="-D_UNICODE" />
					<Add directory="..\..\code\pkg_Example\Modules\SimpleApp" />
					<Add directory="..\..\code\pkg_Example\Interface" />
					<Add directory="..\..\code\pkg_Core\Interface" />
					<Add directory="..\..\code\pkg_Core\Interface\PluginManager" />
					<Add directory="..\..\code\pkg_Core\Interface\UtilFunc" />
				</Compiler>
				<Linker>
				</Linker>
			</Target>
		</Build>
		<Unit filename="..\..\code\pkg_Example\Modules\SimpleApp\Main.cpp" />
		<Extensions>
			<code_completion />
			<debugger />
		</Extensions>
	</Project>
</CodeBlocks_project_file>
