
Microsoft Visual Studio Solution File, Format Version 9.00
# Visual Studio 2005
Project("{2150E333-8FDC-42A3-9474-1A3956D46DE8}") = "pkg_Example", "pkg_Example", "{3AE65EE0-0307-4F6C-AC30-6465686E5F92}"
EndProject
Project("{2150E333-8FDC-42A3-9474-1A3956D46DE8}") = "pkg_Utility", "pkg_Utility", "{7209CBCB-D7E6-46D6-91B8-7142033271E5}"
EndProject
Project("{8BC9CEB8-8B4A-11D0-8D11-00A0C91BC942}") = "Win32DllTempl", "vcproj\Win32DllTempl_vc80.vcproj", "{24CFB065-736B-4230-AF7E-5C3C3ABF8D41}"
EndProject
Project("{8BC9CEB8-8B4A-11D0-8D11-00A0C91BC942}") = "MFCExtTempl", "vcproj\MFCExtTempl_vc80.vcproj", "{651F7373-89B1-4E67-AE79-599D8ABB59DC}"
EndProject
Project("{8BC9CEB8-8B4A-11D0-8D11-00A0C91BC942}") = "SimpleUse", "vcproj\SimpleUse_vc80.vcproj", "{F5022746-4449-44F3-A10A-641ADE2CFEB4}"
EndProject
Project("{8BC9CEB8-8B4A-11D0-8D11-00A0C91BC942}") = "SimpleApp", "vcproj\SimpleApp_vc80.vcproj", "{1F2B9AF4-72E8-43FD-8596-76A44AFDD9D4}"
EndProject
Project("{8BC9CEB8-8B4A-11D0-8D11-00A0C91BC942}") = "ChangeObserverExample", "vcproj\ChangeObserverExample_vc80.vcproj", "{392088E1-0ABC-4222-9014-578BEC6ACF6E}"
EndProject
Project("{2150E333-8FDC-42A3-9474-1A3956D46DE8}") = "pkg_Core", "pkg_Core", "{B7C4A024-AE85-4AD5-B160-CC63E66D9686}"
EndProject
Project("{8BC9CEB8-8B4A-11D0-8D11-00A0C91BC942}") = "ChangeManager", "vcproj\ChangeManager_vc80.vcproj", "{CA68A7E4-8D73-4F50-9A8F-7697F8020D90}"
EndProject
Project("{8BC9CEB8-8B4A-11D0-8D11-00A0C91BC942}") = "StringTable", "vcproj\StringTable_vc80.vcproj", "{149A5D77-3E1A-430F-BCDC-BDAC3D5E3347}"
EndProject
Project("{8BC9CEB8-8B4A-11D0-8D11-00A0C91BC942}") = "PluginManager", "vcproj\PluginManager_vc80.vcproj", "{70F1388D-154F-421B-82AC-A36A98CBE4D1}"
EndProject
Project("{8BC9CEB8-8B4A-11D0-8D11-00A0C91BC942}") = "LogManager", "vcproj\LogManager_vc80.vcproj", "{3947E423-BE52-4B8E-8F47-2701B92B2F88}"
EndProject
Project("{8BC9CEB8-8B4A-11D0-8D11-00A0C91BC942}") = "ConfigXml", "vcproj\ConfigXml_vc80.vcproj", "{E5A5E781-3518-4352-B7CC-73A7D8F98395}"
EndProject
Project("{8BC9CEB8-8B4A-11D0-8D11-00A0C91BC942}") = "ConfigDB", "vcproj\ConfigDB_vc80.vcproj", "{9D32AAE5-5DB4-441A-AA17-1AE52ADCC372}"
EndProject
Project("{8BC9CEB8-8B4A-11D0-8D11-00A0C91BC942}") = "TextUtility", "vcproj\TextUtility_vc80.vcproj", "{03D84E5C-51D2-43D7-BD80-577DB5073BBD}"
EndProject
Project("{8BC9CEB8-8B4A-11D0-8D11-00A0C91BC942}") = "LogWriter", "vcproj\LogWriter_vc80.vcproj", "{328A22E4-C4AD-4540-871B-41955E45BC59}"
EndProject
Project("{8BC9CEB8-8B4A-11D0-8D11-00A0C91BC942}") = "FileUtility", "vcproj\FileUtility_vc80.vcproj", "{A7BD5375-A38D-485A-B899-6E4839C63EBB}"
EndProject
Project("{2150E333-8FDC-42A3-9474-1A3956D46DE8}") = "pkg_UnitTest", "pkg_UnitTest", "{91A62255-728F-4824-9B40-22C5DA7E6BF8}"
EndProject
Project("{8BC9CEB8-8B4A-11D0-8D11-00A0C91BC942}") = "TestCore", "vcproj\TestCore_vc80.vcproj", "{0C5734A1-D1C5-4015-95D3-397AFF87D592}"
EndProject
Project("{2150E333-8FDC-42A3-9474-1A3956D46DE8}") = "pkg_AppUI", "pkg_AppUI", "{45E71DAE-9619-4CF2-B2EE-2F537699B83B}"
EndProject
Project("{2150E333-8FDC-42A3-9474-1A3956D46DE8}") = "Manager", "Manager", "{A8FE873D-D0BD-4CF8-B612-D3B7BEFFF530}"
EndProject
Project("{2150E333-8FDC-42A3-9474-1A3956D46DE8}") = "0Readme", "0Readme", "{1A9818B9-C5C9-45BC-8B0D-7540F81A5609}"
	ProjectSection(SolutionItems) = preProject
		..\..\ChangeLog.txt = ..\..\ChangeLog.txt
		..\..\README.txt = ..\..\README.txt
	EndProjectSection
EndProject
Project("{8BC9CEB8-8B4A-11D0-8D11-00A0C91BC942}") = "HelloView", "vcproj\HelloView_vc80.vcproj", "{E244CF83-9AB0-4FB6-86BC-5A0F7069FDA0}"
EndProject
Project("{8BC9CEB8-8B4A-11D0-8D11-00A0C91BC942}") = "HelloViewApp", "vcproj\HelloViewApp_vc80.vcproj", "{0BEB8E4D-22AA-43B6-AF1E-F0C38187F7CB}"
EndProject
Project("{8BC9CEB8-8B4A-11D0-8D11-00A0C91BC942}") = "TestUtility", "vcproj\TestUtility_vc80.vcproj", "{59922A29-CEB6-4723-9247-840BA51DBC6B}"
EndProject
Project("{2150E333-8FDC-42A3-9474-1A3956D46DE8}") = "pkg_Platform", "pkg_Platform", "{115715F3-C4A9-4FC5-8199-466F5F2AF6FA}"
EndProject
Project("{8BC9CEB8-8B4A-11D0-8D11-00A0C91BC942}") = "ComHook", "vcproj\ComHook_vc80.vcproj", "{364CBDB7-2DA3-41B2-89CE-34BEC15384FE}"
EndProject
Project("{8BC9CEB8-8B4A-11D0-8D11-00A0C91BC942}") = "TestPlatform", "vcproj\TestPlatform_vc80.vcproj", "{AE57CB5B-F334-4486-89EC-4D393D2E5A04}"
EndProject
Project("{8BC9CEB8-8B4A-11D0-8D11-00A0C91BC942}") = "x3core", "vcproj\x3core_vc80.vcproj", "{AC4752C1-7456-4717-9624-C83C0E9B55AD}"
EndProject
Project("{8BC9CEB8-8B4A-11D0-8D11-00A0C91BC942}") = "FrameXtp", "vcproj\FrameXtp_vc80.vcproj", "{0B3BF5F6-5ECA-4960-A4FB-B38ED0F84CEE}"
EndProject
Project("{8BC9CEB8-8B4A-11D0-8D11-00A0C91BC942}") = "HelloFrame", "vcproj\HelloFrame_vc80.vcproj", "{FF451E6A-7680-4B54-A015-348365983CB2}"
EndProject
Project("{8BC9CEB8-8B4A-11D0-8D11-00A0C91BC942}") = "HookManager", "vcproj\HookManager_vc80.vcproj", "{B082E5A6-216A-40E2-B4C3-4E456D7F056B}"
EndProject
Global
	GlobalSection(SolutionConfigurationPlatforms) = preSolution
		Debug|Win32 = Debug|Win32
		Debug|x64 = Debug|x64
		Release|Win32 = Release|Win32
		Release|x64 = Release|x64
	EndGlobalSection
	GlobalSection(ProjectConfigurationPlatforms) = postSolution
		{24CFB065-736B-4230-AF7E-5C3C3ABF8D41}.Debug|Win32.ActiveCfg = Debug|Win32
		{24CFB065-736B-4230-AF7E-5C3C3ABF8D41}.Debug|Win32.Build.0 = Debug|Win32
		{24CFB065-736B-4230-AF7E-5C3C3ABF8D41}.Debug|x64.ActiveCfg = Debug|x64
		{24CFB065-736B-4230-AF7E-5C3C3ABF8D41}.Debug|x64.Build.0 = Debug|x64
		{24CFB065-736B-4230-AF7E-5C3C3ABF8D41}.Release|Win32.ActiveCfg = Release|Win32
		{24CFB065-736B-4230-AF7E-5C3C3ABF8D41}.Release|Win32.Build.0 = Release|Win32
		{24CFB065-736B-4230-AF7E-5C3C3ABF8D41}.Release|x64.ActiveCfg = Release|x64
		{24CFB065-736B-4230-AF7E-5C3C3ABF8D41}.Release|x64.Build.0 = Release|x64
		{651F7373-89B1-4E67-AE79-599D8ABB59DC}.Debug|Win32.ActiveCfg = Debug|Win32
		{651F7373-89B1-4E67-AE79-599D8ABB59DC}.Debug|Win32.Build.0 = Debug|Win32
		{651F7373-89B1-4E67-AE79-599D8ABB59DC}.Debug|x64.ActiveCfg = Debug|x64
		{651F7373-89B1-4E67-AE79-599D8ABB59DC}.Debug|x64.Build.0 = Debug|x64
		{651F7373-89B1-4E67-AE79-599D8ABB59DC}.Release|Win32.ActiveCfg = Release|Win32
		{651F7373-89B1-4E67-AE79-599D8ABB59DC}.Release|Win32.Build.0 = Release|Win32
		{651F7373-89B1-4E67-AE79-599D8ABB59DC}.Release|x64.ActiveCfg = Release|x64
		{651F7373-89B1-4E67-AE79-599D8ABB59DC}.Release|x64.Build.0 = Release|x64
		{F5022746-4449-44F3-A10A-641ADE2CFEB4}.Debug|Win32.ActiveCfg = Debug|Win32
		{F5022746-4449-44F3-A10A-641ADE2CFEB4}.Debug|Win32.Build.0 = Debug|Win32
		{F5022746-4449-44F3-A10A-641ADE2CFEB4}.Debug|x64.ActiveCfg = Debug|x64
		{F5022746-4449-44F3-A10A-641ADE2CFEB4}.Debug|x64.Build.0 = Debug|x64
		{F5022746-4449-44F3-A10A-641ADE2CFEB4}.Release|Win32.ActiveCfg = Release|Win32
		{F5022746-4449-44F3-A10A-641ADE2CFEB4}.Release|Win32.Build.0 = Release|Win32
		{F5022746-4449-44F3-A10A-641ADE2CFEB4}.Release|x64.ActiveCfg = Release|x64
		{F5022746-4449-44F3-A10A-641ADE2CFEB4}.Release|x64.Build.0 = Release|x64
		{1F2B9AF4-72E8-43FD-8596-76A44AFDD9D4}.Debug|Win32.ActiveCfg = Debug|Win32
		{1F2B9AF4-72E8-43FD-8596-76A44AFDD9D4}.Debug|Win32.Build.0 = Debug|Win32
		{1F2B9AF4-72E8-43FD-8596-76A44AFDD9D4}.Debug|x64.ActiveCfg = Debug|x64
		{1F2B9AF4-72E8-43FD-8596-76A44AFDD9D4}.Debug|x64.Build.0 = Debug|x64
		{1F2B9AF4-72E8-43FD-8596-76A44AFDD9D4}.Release|Win32.ActiveCfg = Release|Win32
		{1F2B9AF4-72E8-43FD-8596-76A44AFDD9D4}.Release|Win32.Build.0 = Release|Win32
		{1F2B9AF4-72E8-43FD-8596-76A44AFDD9D4}.Release|x64.ActiveCfg = Release|x64
		{1F2B9AF4-72E8-43FD-8596-76A44AFDD9D4}.Release|x64.Build.0 = Release|x64
		{392088E1-0ABC-4222-9014-578BEC6ACF6E}.Debug|Win32.ActiveCfg = Debug|Win32
		{392088E1-0ABC-4222-9014-578BEC6ACF6E}.Debug|Win32.Build.0 = Debug|Win32
		{392088E1-0ABC-4222-9014-578BEC6ACF6E}.Debug|x64.ActiveCfg = Debug|x64
		{392088E1-0ABC-4222-9014-578BEC6ACF6E}.Debug|x64.Build.0 = Debug|x64
		{392088E1-0ABC-4222-9014-578BEC6ACF6E}.Release|Win32.ActiveCfg = Release|Win32
		{392088E1-0ABC-4222-9014-578BEC6ACF6E}.Release|Win32.Build.0 = Release|Win32
		{392088E1-0ABC-4222-9014-578BEC6ACF6E}.Release|x64.ActiveCfg = Release|x64
		{392088E1-0ABC-4222-9014-578BEC6ACF6E}.Release|x64.Build.0 = Release|x64
		{CA68A7E4-8D73-4F50-9A8F-7697F8020D90}.Debug|Win32.ActiveCfg = Debug|Win32
		{CA68A7E4-8D73-4F50-9A8F-7697F8020D90}.Debug|Win32.Build.0 = Debug|Win32
		{CA68A7E4-8D73-4F50-9A8F-7697F8020D90}.Debug|x64.ActiveCfg = Debug|x64
		{CA68A7E4-8D73-4F50-9A8F-7697F8020D90}.Debug|x64.Build.0 = Debug|x64
		{CA68A7E4-8D73-4F50-9A8F-7697F8020D90}.Release|Win32.ActiveCfg = Release|Win32
		{CA68A7E4-8D73-4F50-9A8F-7697F8020D90}.Release|Win32.Build.0 = Release|Win32
		{CA68A7E4-8D73-4F50-9A8F-7697F8020D90}.Release|x64.ActiveCfg = Release|x64
		{CA68A7E4-8D73-4F50-9A8F-7697F8020D90}.Release|x64.Build.0 = Release|x64
		{149A5D77-3E1A-430F-BCDC-BDAC3D5E3347}.Debug|Win32.ActiveCfg = Debug|Win32
		{149A5D77-3E1A-430F-BCDC-BDAC3D5E3347}.Debug|Win32.Build.0 = Debug|Win32
		{149A5D77-3E1A-430F-BCDC-BDAC3D5E3347}.Debug|x64.ActiveCfg = Debug|x64
		{149A5D77-3E1A-430F-BCDC-BDAC3D5E3347}.Debug|x64.Build.0 = Debug|x64
		{149A5D77-3E1A-430F-BCDC-BDAC3D5E3347}.Release|Win32.ActiveCfg = Release|Win32
		{149A5D77-3E1A-430F-BCDC-BDAC3D5E3347}.Release|Win32.Build.0 = Release|Win32
		{149A5D77-3E1A-430F-BCDC-BDAC3D5E3347}.Release|x64.ActiveCfg = Release|x64
		{149A5D77-3E1A-430F-BCDC-BDAC3D5E3347}.Release|x64.Build.0 = Release|x64
		{70F1388D-154F-421B-82AC-A36A98CBE4D1}.Debug|Win32.ActiveCfg = Debug|Win32
		{70F1388D-154F-421B-82AC-A36A98CBE4D1}.Debug|Win32.Build.0 = Debug|Win32
		{70F1388D-154F-421B-82AC-A36A98CBE4D1}.Debug|x64.ActiveCfg = Debug|x64
		{70F1388D-154F-421B-82AC-A36A98CBE4D1}.Debug|x64.Build.0 = Debug|x64
		{70F1388D-154F-421B-82AC-A36A98CBE4D1}.Release|Win32.ActiveCfg = Release|Win32
		{70F1388D-154F-421B-82AC-A36A98CBE4D1}.Release|Win32.Build.0 = Release|Win32
		{70F1388D-154F-421B-82AC-A36A98CBE4D1}.Release|x64.ActiveCfg = Release|x64
		{70F1388D-154F-421B-82AC-A36A98CBE4D1}.Release|x64.Build.0 = Release|x64
		{3947E423-BE52-4B8E-8F47-2701B92B2F88}.Debug|Win32.ActiveCfg = Debug|Win32
		{3947E423-BE52-4B8E-8F47-2701B92B2F88}.Debug|Win32.Build.0 = Debug|Win32
		{3947E423-BE52-4B8E-8F47-2701B92B2F88}.Debug|x64.ActiveCfg = Debug|x64
		{3947E423-BE52-4B8E-8F47-2701B92B2F88}.Debug|x64.Build.0 = Debug|x64
		{3947E423-BE52-4B8E-8F47-2701B92B2F88}.Release|Win32.ActiveCfg = Release|Win32
		{3947E423-BE52-4B8E-8F47-2701B92B2F88}.Release|Win32.Build.0 = Release|Win32
		{3947E423-BE52-4B8E-8F47-2701B92B2F88}.Release|x64.ActiveCfg = Release|x64
		{3947E423-BE52-4B8E-8F47-2701B92B2F88}.Release|x64.Build.0 = Release|x64
		{E5A5E781-3518-4352-B7CC-73A7D8F98395}.Debug|Win32.ActiveCfg = Debug|Win32
		{E5A5E781-3518-4352-B7CC-73A7D8F98395}.Debug|Win32.Build.0 = Debug|Win32
		{E5A5E781-3518-4352-B7CC-73A7D8F98395}.Debug|x64.ActiveCfg = Debug|x64
		{E5A5E781-3518-4352-B7CC-73A7D8F98395}.Debug|x64.Build.0 = Debug|x64
		{E5A5E781-3518-4352-B7CC-73A7D8F98395}.Release|Win32.ActiveCfg = Release|Win32
		{E5A5E781-3518-4352-B7CC-73A7D8F98395}.Release|Win32.Build.0 = Release|Win32
		{E5A5E781-3518-4352-B7CC-73A7D8F98395}.Release|x64.ActiveCfg = Release|x64
		{E5A5E781-3518-4352-B7CC-73A7D8F98395}.Release|x64.Build.0 = Release|x64
		{9D32AAE5-5DB4-441A-AA17-1AE52ADCC372}.Debug|Win32.ActiveCfg = Debug|Win32
		{9D32AAE5-5DB4-441A-AA17-1AE52ADCC372}.Debug|Win32.Build.0 = Debug|Win32
		{9D32AAE5-5DB4-441A-AA17-1AE52ADCC372}.Debug|x64.ActiveCfg = Debug|x64
		{9D32AAE5-5DB4-441A-AA17-1AE52ADCC372}.Debug|x64.Build.0 = Debug|x64
		{9D32AAE5-5DB4-441A-AA17-1AE52ADCC372}.Release|Win32.ActiveCfg = Release|Win32
		{9D32AAE5-5DB4-441A-AA17-1AE52ADCC372}.Release|Win32.Build.0 = Release|Win32
		{9D32AAE5-5DB4-441A-AA17-1AE52ADCC372}.Release|x64.ActiveCfg = Release|x64
		{9D32AAE5-5DB4-441A-AA17-1AE52ADCC372}.Release|x64.Build.0 = Release|x64
		{03D84E5C-51D2-43D7-BD80-577DB5073BBD}.Debug|Win32.ActiveCfg = Debug|Win32
		{03D84E5C-51D2-43D7-BD80-577DB5073BBD}.Debug|Win32.Build.0 = Debug|Win32
		{03D84E5C-51D2-43D7-BD80-577DB5073BBD}.Debug|x64.ActiveCfg = Debug|x64
		{03D84E5C-51D2-43D7-BD80-577DB5073BBD}.Debug|x64.Build.0 = Debug|x64
		{03D84E5C-51D2-43D7-BD80-577DB5073BBD}.Release|Win32.ActiveCfg = Release|Win32
		{03D84E5C-51D2-43D7-BD80-577DB5073BBD}.Release|Win32.Build.0 = Release|Win32
		{03D84E5C-51D2-43D7-BD80-577DB5073BBD}.Release|x64.ActiveCfg = Release|x64
		{03D84E5C-51D2-43D7-BD80-577DB5073BBD}.Release|x64.Build.0 = Release|x64
		{328A22E4-C4AD-4540-871B-41955E45BC59}.Debug|Win32.ActiveCfg = Debug|Win32
		{328A22E4-C4AD-4540-871B-41955E45BC59}.Debug|Win32.Build.0 = Debug|Win32
		{328A22E4-C4AD-4540-871B-41955E45BC59}.Debug|x64.ActiveCfg = Debug|x64
		{328A22E4-C4AD-4540-871B-41955E45BC59}.Debug|x64.Build.0 = Debug|x64
		{328A22E4-C4AD-4540-871B-41955E45BC59}.Release|Win32.ActiveCfg = Release|Win32
		{328A22E4-C4AD-4540-871B-41955E45BC59}.Release|Win32.Build.0 = Release|Win32
		{328A22E4-C4AD-4540-871B-41955E45BC59}.Release|x64.ActiveCfg = Release|x64
		{328A22E4-C4AD-4540-871B-41955E45BC59}.Release|x64.Build.0 = Release|x64
		{A7BD5375-A38D-485A-B899-6E4839C63EBB}.Debug|Win32.ActiveCfg = Debug|Win32
		{A7BD5375-A38D-485A-B899-6E4839C63EBB}.Debug|Win32.Build.0 = Debug|Win32
		{A7BD5375-A38D-485A-B899-6E4839C63EBB}.Debug|x64.ActiveCfg = Debug|x64
		{A7BD5375-A38D-485A-B899-6E4839C63EBB}.Debug|x64.Build.0 = Debug|x64
		{A7BD5375-A38D-485A-B899-6E4839C63EBB}.Release|Win32.ActiveCfg = Release|Win32
		{A7BD5375-A38D-485A-B899-6E4839C63EBB}.Release|Win32.Build.0 = Release|Win32
		{A7BD5375-A38D-485A-B899-6E4839C63EBB}.Release|x64.ActiveCfg = Release|x64
		{A7BD5375-A38D-485A-B899-6E4839C63EBB}.Release|x64.Build.0 = Release|x64
		{0C5734A1-D1C5-4015-95D3-397AFF87D592}.Debug|Win32.ActiveCfg = Debug|Win32
		{0C5734A1-D1C5-4015-95D3-397AFF87D592}.Debug|Win32.Build.0 = Debug|Win32
		{0C5734A1-D1C5-4015-95D3-397AFF87D592}.Debug|x64.ActiveCfg = Debug|x64
		{0C5734A1-D1C5-4015-95D3-397AFF87D592}.Debug|x64.Build.0 = Debug|x64
		{0C5734A1-D1C5-4015-95D3-397AFF87D592}.Release|Win32.ActiveCfg = Release|Win32
		{0C5734A1-D1C5-4015-95D3-397AFF87D592}.Release|Win32.Build.0 = Release|Win32
		{0C5734A1-D1C5-4015-95D3-397AFF87D592}.Release|x64.ActiveCfg = Release|x64
		{0C5734A1-D1C5-4015-95D3-397AFF87D592}.Release|x64.Build.0 = Release|x64
		{E244CF83-9AB0-4FB6-86BC-5A0F7069FDA0}.Debug|Win32.ActiveCfg = Debug|Win32
		{E244CF83-9AB0-4FB6-86BC-5A0F7069FDA0}.Debug|Win32.Build.0 = Debug|Win32
		{E244CF83-9AB0-4FB6-86BC-5A0F7069FDA0}.Debug|x64.ActiveCfg = Debug|x64
		{E244CF83-9AB0-4FB6-86BC-5A0F7069FDA0}.Debug|x64.Build.0 = Debug|x64
		{E244CF83-9AB0-4FB6-86BC-5A0F7069FDA0}.Release|Win32.ActiveCfg = Release|Win32
		{E244CF83-9AB0-4FB6-86BC-5A0F7069FDA0}.Release|Win32.Build.0 = Release|Win32
		{E244CF83-9AB0-4FB6-86BC-5A0F7069FDA0}.Release|x64.ActiveCfg = Release|x64
		{E244CF83-9AB0-4FB6-86BC-5A0F7069FDA0}.Release|x64.Build.0 = Release|x64
		{0BEB8E4D-22AA-43B6-AF1E-F0C38187F7CB}.Debug|Win32.ActiveCfg = Debug|Win32
		{0BEB8E4D-22AA-43B6-AF1E-F0C38187F7CB}.Debug|Win32.Build.0 = Debug|Win32
		{0BEB8E4D-22AA-43B6-AF1E-F0C38187F7CB}.Debug|x64.ActiveCfg = Debug|x64
		{0BEB8E4D-22AA-43B6-AF1E-F0C38187F7CB}.Debug|x64.Build.0 = Debug|x64
		{0BEB8E4D-22AA-43B6-AF1E-F0C38187F7CB}.Release|Win32.ActiveCfg = Release|Win32
		{0BEB8E4D-22AA-43B6-AF1E-F0C38187F7CB}.Release|Win32.Build.0 = Release|Win32
		{0BEB8E4D-22AA-43B6-AF1E-F0C38187F7CB}.Release|x64.ActiveCfg = Release|x64
		{0BEB8E4D-22AA-43B6-AF1E-F0C38187F7CB}.Release|x64.Build.0 = Release|x64
		{59922A29-CEB6-4723-9247-840BA51DBC6B}.Debug|Win32.ActiveCfg = Debug|Win32
		{59922A29-CEB6-4723-9247-840BA51DBC6B}.Debug|Win32.Build.0 = Debug|Win32
		{59922A29-CEB6-4723-9247-840BA51DBC6B}.Debug|x64.ActiveCfg = Debug|x64
		{59922A29-CEB6-4723-9247-840BA51DBC6B}.Debug|x64.Build.0 = Debug|x64
		{59922A29-CEB6-4723-9247-840BA51DBC6B}.Release|Win32.ActiveCfg = Release|Win32
		{59922A29-CEB6-4723-9247-840BA51DBC6B}.Release|Win32.Build.0 = Release|Win32
		{59922A29-CEB6-4723-9247-840BA51DBC6B}.Release|x64.ActiveCfg = Release|x64
		{59922A29-CEB6-4723-9247-840BA51DBC6B}.Release|x64.Build.0 = Release|x64
		{364CBDB7-2DA3-41B2-89CE-34BEC15384FE}.Debug|Win32.ActiveCfg = Debug|Win32
		{364CBDB7-2DA3-41B2-89CE-34BEC15384FE}.Debug|Win32.Build.0 = Debug|Win32
		{364CBDB7-2DA3-41B2-89CE-34BEC15384FE}.Debug|x64.ActiveCfg = Debug|x64
		{364CBDB7-2DA3-41B2-89CE-34BEC15384FE}.Debug|x64.Build.0 = Debug|x64
		{364CBDB7-2DA3-41B2-89CE-34BEC15384FE}.Release|Win32.ActiveCfg = Release|Win32
		{364CBDB7-2DA3-41B2-89CE-34BEC15384FE}.Release|Win32.Build.0 = Release|Win32
		{364CBDB7-2DA3-41B2-89CE-34BEC15384FE}.Release|x64.ActiveCfg = Release|x64
		{364CBDB7-2DA3-41B2-89CE-34BEC15384FE}.Release|x64.Build.0 = Release|x64
		{AE57CB5B-F334-4486-89EC-4D393D2E5A04}.Debug|Win32.ActiveCfg = Debug|Win32
		{AE57CB5B-F334-4486-89EC-4D393D2E5A04}.Debug|Win32.Build.0 = Debug|Win32
		{AE57CB5B-F334-4486-89EC-4D393D2E5A04}.Debug|x64.ActiveCfg = Debug|x64
		{AE57CB5B-F334-4486-89EC-4D393D2E5A04}.Debug|x64.Build.0 = Debug|x64
		{AE57CB5B-F334-4486-89EC-4D393D2E5A04}.Release|Win32.ActiveCfg = Release|Win32
		{AE57CB5B-F334-4486-89EC-4D393D2E5A04}.Release|Win32.Build.0 = Release|Win32
		{AE57CB5B-F334-4486-89EC-4D393D2E5A04}.Release|x64.ActiveCfg = Release|x64
		{AE57CB5B-F334-4486-89EC-4D393D2E5A04}.Release|x64.Build.0 = Release|x64
		{AC4752C1-7456-4717-9624-C83C0E9B55AD}.Debug|Win32.ActiveCfg = Debug|Win32
		{AC4752C1-7456-4717-9624-C83C0E9B55AD}.Debug|Win32.Build.0 = Debug|Win32
		{AC4752C1-7456-4717-9624-C83C0E9B55AD}.Debug|x64.ActiveCfg = Debug|x64
		{AC4752C1-7456-4717-9624-C83C0E9B55AD}.Debug|x64.Build.0 = Debug|x64
		{AC4752C1-7456-4717-9624-C83C0E9B55AD}.Release|Win32.ActiveCfg = Release|Win32
		{AC4752C1-7456-4717-9624-C83C0E9B55AD}.Release|Win32.Build.0 = Release|Win32
		{AC4752C1-7456-4717-9624-C83C0E9B55AD}.Release|x64.ActiveCfg = Release|x64
		{AC4752C1-7456-4717-9624-C83C0E9B55AD}.Release|x64.Build.0 = Release|x64
		{0B3BF5F6-5ECA-4960-A4FB-B38ED0F84CEE}.Debug|Win32.ActiveCfg = Debug|Win32
		{0B3BF5F6-5ECA-4960-A4FB-B38ED0F84CEE}.Debug|Win32.Build.0 = Debug|Win32
		{0B3BF5F6-5ECA-4960-A4FB-B38ED0F84CEE}.Debug|x64.ActiveCfg = Debug|x64
		{0B3BF5F6-5ECA-4960-A4FB-B38ED0F84CEE}.Debug|x64.Build.0 = Debug|x64
		{0B3BF5F6-5ECA-4960-A4FB-B38ED0F84CEE}.Release|Win32.ActiveCfg = Release|Win32
		{0B3BF5F6-5ECA-4960-A4FB-B38ED0F84CEE}.Release|Win32.Build.0 = Release|Win32
		{0B3BF5F6-5ECA-4960-A4FB-B38ED0F84CEE}.Release|x64.ActiveCfg = Release|x64
		{0B3BF5F6-5ECA-4960-A4FB-B38ED0F84CEE}.Release|x64.Build.0 = Release|x64
		{FF451E6A-7680-4B54-A015-348365983CB2}.Debug|Win32.ActiveCfg = Debug|Win32
		{FF451E6A-7680-4B54-A015-348365983CB2}.Debug|Win32.Build.0 = Debug|Win32
		{FF451E6A-7680-4B54-A015-348365983CB2}.Debug|x64.ActiveCfg = Debug|x64
		{FF451E6A-7680-4B54-A015-348365983CB2}.Debug|x64.Build.0 = Debug|x64
		{FF451E6A-7680-4B54-A015-348365983CB2}.Release|Win32.ActiveCfg = Release|Win32
		{FF451E6A-7680-4B54-A015-348365983CB2}.Release|Win32.Build.0 = Release|Win32
		{FF451E6A-7680-4B54-A015-348365983CB2}.Release|x64.ActiveCfg = Release|x64
		{FF451E6A-7680-4B54-A015-348365983CB2}.Release|x64.Build.0 = Release|x64
		{B082E5A6-216A-40E2-B4C3-4E456D7F056B}.Debug|Win32.ActiveCfg = Debug|Win32
		{B082E5A6-216A-40E2-B4C3-4E456D7F056B}.Debug|Win32.Build.0 = Debug|Win32
		{B082E5A6-216A-40E2-B4C3-4E456D7F056B}.Debug|x64.ActiveCfg = Debug|x64
		{B082E5A6-216A-40E2-B4C3-4E456D7F056B}.Debug|x64.Build.0 = Debug|x64
		{B082E5A6-216A-40E2-B4C3-4E456D7F056B}.Release|Win32.ActiveCfg = Release|Win32
		{B082E5A6-216A-40E2-B4C3-4E456D7F056B}.Release|Win32.Build.0 = Release|Win32
		{B082E5A6-216A-40E2-B4C3-4E456D7F056B}.Release|x64.ActiveCfg = Release|x64
		{B082E5A6-216A-40E2-B4C3-4E456D7F056B}.Release|x64.Build.0 = Release|x64
	EndGlobalSection
	GlobalSection(SolutionProperties) = preSolution
		HideSolutionNode = FALSE
	EndGlobalSection
	GlobalSection(NestedProjects) = preSolution
		{24CFB065-736B-4230-AF7E-5C3C3ABF8D41} = {3AE65EE0-0307-4F6C-AC30-6465686E5F92}
		{651F7373-89B1-4E67-AE79-599D8ABB59DC} = {3AE65EE0-0307-4F6C-AC30-6465686E5F92}
		{F5022746-4449-44F3-A10A-641ADE2CFEB4} = {3AE65EE0-0307-4F6C-AC30-6465686E5F92}
		{1F2B9AF4-72E8-43FD-8596-76A44AFDD9D4} = {3AE65EE0-0307-4F6C-AC30-6465686E5F92}
		{392088E1-0ABC-4222-9014-578BEC6ACF6E} = {3AE65EE0-0307-4F6C-AC30-6465686E5F92}
		{E244CF83-9AB0-4FB6-86BC-5A0F7069FDA0} = {3AE65EE0-0307-4F6C-AC30-6465686E5F92}
		{0BEB8E4D-22AA-43B6-AF1E-F0C38187F7CB} = {3AE65EE0-0307-4F6C-AC30-6465686E5F92}
		{9D32AAE5-5DB4-441A-AA17-1AE52ADCC372} = {7209CBCB-D7E6-46D6-91B8-7142033271E5}
		{A8FE873D-D0BD-4CF8-B612-D3B7BEFFF530} = {B7C4A024-AE85-4AD5-B160-CC63E66D9686}
		{149A5D77-3E1A-430F-BCDC-BDAC3D5E3347} = {B7C4A024-AE85-4AD5-B160-CC63E66D9686}
		{E5A5E781-3518-4352-B7CC-73A7D8F98395} = {B7C4A024-AE85-4AD5-B160-CC63E66D9686}
		{03D84E5C-51D2-43D7-BD80-577DB5073BBD} = {B7C4A024-AE85-4AD5-B160-CC63E66D9686}
		{328A22E4-C4AD-4540-871B-41955E45BC59} = {B7C4A024-AE85-4AD5-B160-CC63E66D9686}
		{A7BD5375-A38D-485A-B899-6E4839C63EBB} = {B7C4A024-AE85-4AD5-B160-CC63E66D9686}
		{70F1388D-154F-421B-82AC-A36A98CBE4D1} = {A8FE873D-D0BD-4CF8-B612-D3B7BEFFF530}
		{3947E423-BE52-4B8E-8F47-2701B92B2F88} = {A8FE873D-D0BD-4CF8-B612-D3B7BEFFF530}
		{CA68A7E4-8D73-4F50-9A8F-7697F8020D90} = {A8FE873D-D0BD-4CF8-B612-D3B7BEFFF530}
		{0C5734A1-D1C5-4015-95D3-397AFF87D592} = {91A62255-728F-4824-9B40-22C5DA7E6BF8}
		{59922A29-CEB6-4723-9247-840BA51DBC6B} = {91A62255-728F-4824-9B40-22C5DA7E6BF8}
		{AE57CB5B-F334-4486-89EC-4D393D2E5A04} = {91A62255-728F-4824-9B40-22C5DA7E6BF8}
		{0B3BF5F6-5ECA-4960-A4FB-B38ED0F84CEE} = {45E71DAE-9619-4CF2-B2EE-2F537699B83B}
		{FF451E6A-7680-4B54-A015-348365983CB2} = {45E71DAE-9619-4CF2-B2EE-2F537699B83B}
		{364CBDB7-2DA3-41B2-89CE-34BEC15384FE} = {115715F3-C4A9-4FC5-8199-466F5F2AF6FA}
		{AC4752C1-7456-4717-9624-C83C0E9B55AD} = {115715F3-C4A9-4FC5-8199-466F5F2AF6FA}
		{B082E5A6-216A-40E2-B4C3-4E456D7F056B} = {115715F3-C4A9-4FC5-8199-466F5F2AF6FA}
	EndGlobalSection
EndGlobal
