<?xml version="1.0" encoding="UTF-8" standalone="yes" ?>
<CodeBlocks_project_file>
	<FileVersion major="1" minor="6" />
	<Project>
		<Option title="ConfigXml" />
		<Option pch_mode="2" />
		<Option compiler="gcc" />
		<Build>
			<Target title="Release">
				<Option output="../../../code/bin/Plugins/ConfigXml.plugin.dll" prefix_auto="1" extension_auto="1" />
				<Option object_output="../../../obj/gcc/Release/ConfigXml" />
				<Option type="3" />
				<Option compiler="gcc" />
				<Option createDefFile="0" />
				<Option createStaticLib="0" />
				<Compiler>
					<Add option="-Wall" />
					<Add option="-fexceptions" />
					<Add option="-O2" />
					<Add option="-DNDEBUG" />
					<Add option="-DUNICODE" />
					<Add option="-D_UNICODE" />
					<Add directory="../../../code/pkg_Core/Modules/ConfigXml" />
					<Add directory="../../../code/pkg_Core/Interface" />
					<Add directory="../../../code/pkg_Core/Interface/Xml" />
				</Compiler>
			</Target>
			<Target title="Debug">
				<Option output="../../../code/bin/Plugins/ConfigXml.plugin.dll" prefix_auto="1" extension_auto="1" />
				<Option object_output="../../../obj/gcc/Debug/ConfigXml" />
				<Option type="3" />
				<Option compiler="gcc" />
				<Option createDefFile="0" />
				<Option createStaticLib="0" />
				<Compiler>
					<Add option="-Weffc++" />
					<Add option="-Wall" />
					<Add option="-g" />
					<Add option="-fexceptions" />
					<Add option="-D_DEBUG" />
					<Add option="-DUNICODE" />
					<Add option="-D_UNICODE" />
					<Add directory="../../../code/pkg_Core/Modules/ConfigXml" />
					<Add directory="../../../code/pkg_Core/Interface" />
					<Add directory="../../../code/pkg_Core/Interface/Xml" />
				</Compiler>
			</Target>
		</Build>
		<Linker>
			<Add library="shlwapi" />
		</Linker>
		<Unit filename="../../../code/pkg_Core/Interface/Xml/Cx_ConfigSection.h" />
		<Unit filename="../../../code/pkg_Core/Interface/Xml/IFileCryptHandler.h" />
		<Unit filename="../../../code/pkg_Core/Interface/Xml/Ix_ConfigData.h" />
		<Unit filename="../../../code/pkg_Core/Interface/Xml/Ix_ConfigSection.h" />
		<Unit filename="../../../code/pkg_Core/Interface/Xml/Ix_ConfigSectionXml.h" />
		<Unit filename="../../../code/pkg_Core/Interface/Xml/Ix_ConfigTransaction.h" />
		<Unit filename="../../../code/pkg_Core/Interface/Xml/Ix_ConfigXml.h" />
		<Unit filename="../../../code/pkg_Core/Modules/ConfigXml/ConfigXml.rc">
			<Option compilerVar="WINDRES" />
		</Unit>
		<Unit filename="../../../code/pkg_Core/Modules/ConfigXml/ConfigXmlImpl.h" />
		<Unit filename="../../../code/pkg_Core/Modules/ConfigXml/Cx_ConfigXml.cpp" />
		<Unit filename="../../../code/pkg_Core/Modules/ConfigXml/Cx_ConfigXml.h" />
		<Unit filename="../../../code/pkg_Core/Modules/ConfigXml/Cx_XmlSection.cpp" />
		<Unit filename="../../../code/pkg_Core/Modules/ConfigXml/Cx_XmlSection.h" />
		<Unit filename="../../../code/pkg_Core/Modules/ConfigXml/Module.cpp" />
		<Unit filename="../../../code/pkg_Core/Modules/ConfigXml/Version.rc2" />
		<Extensions>
			<code_completion />
			<debugger />
		</Extensions>
	</Project>
</CodeBlocks_project_file>
