<?xml version="1.0" encoding="UTF-8" standalone="yes" ?>
<CodeBlocks_project_file>
	<FileVersion major="1" minor="6" />
	<Project>
		<Option title="TestCore" />
		<Option pch_mode="2" />
		<Option compiler="gcc" />
		<Build>
			<Target title="Release">
				<Option output="../../../code/bin/tests/TestCore" prefix_auto="1" extension_auto="1" />
				<Option object_output="../../../obj/gcc/Release/TestCore" />
				<Option type="1" />
				<Option compiler="gcc" />
				<Compiler>
					<Add option="-O2" />
					<Add option="-Wall" />
					<Add option="-W" />
					<Add option="-fexceptions" />
					<Add option="-DNDEBUG" />
					<Add option="-D_CONSOLE" />
					<Add option="-D_MBCS" />
					<Add option="-D_WINDOWS" />
					<Add option="-D_UNICODE" />
					<Add option="-DUNICODE" />
					<Add directory="../../../code/pkg_UnitTest/Modules/TestCore" />
					<Add directory="../../../code/pkg_UnitTest/Modules/Public" />
					<Add directory="../../../code/pkg_UnitTest/Interface" />
					<Add directory="../../../code/pkg_Core/Interface" />
				</Compiler>
				<Linker>
					<Add library="cppunit_dll" />
					<Add directory="../../../code/bin/tests" />
				</Linker>
			</Target>
			<Target title="Debug">
				<Option output="../../../code/bin/tests/TestCore" prefix_auto="1" extension_auto="1" />
				<Option object_output="../../../obj/gcc/Debug/TestCore" />
				<Option type="1" />
				<Option compiler="gcc" />
				<Compiler>
					<Add option="-Wall" />
					<Add option="-g" />
					<Add option="-W" />
					<Add option="-fexceptions" />
					<Add option="-D_DEBUG" />
					<Add option="-D_CONSOLE" />
					<Add option="-D_MBCS" />
					<Add option="-D_WINDOWS" />
					<Add option="-D_UNICODE" />
					<Add option="-DUNICODE" />
					<Add directory="../../../code/pkg_UnitTest/Modules/TestCore" />
					<Add directory="../../../code/pkg_UnitTest/Modules/Public" />
					<Add directory="../../../code/pkg_UnitTest/Interface" />
					<Add directory="../../../code/pkg_Core/Interface" />
				</Compiler>
				<Linker>
					<Add library="cppunitd_dll" />
					<Add directory="../../../code/bin/tests" />
				</Linker>
			</Target>
		</Build>
		<Linker>
			<Add library="shlwapi" />
			<Add library="ole32" />
		</Linker>
		<Unit filename="../../../code/pkg_UnitTest/Modules/Public/BaseTest.cpp" />
		<Unit filename="../../../code/pkg_UnitTest/Modules/Public/BaseTest.h" />
		<Unit filename="../../../code/pkg_UnitTest/Modules/Public/tests.cpp" />
		<Unit filename="../../../code/pkg_UnitTest/Modules/TestCore/TestChangeObserver.cpp" />
		<Unit filename="../../../code/pkg_UnitTest/Modules/TestCore/TestChangeObserver.h" />
		<Unit filename="../../../code/pkg_UnitTest/Modules/TestCore/TestConfigXml.cpp" />
		<Unit filename="../../../code/pkg_UnitTest/Modules/TestCore/TestConfigXml.h" />
		<Unit filename="../../../code/pkg_UnitTest/Modules/TestCore/TestLoadPlugin.cpp" />
		<Unit filename="../../../code/pkg_UnitTest/Modules/TestCore/TestLoadPlugin.h" />
		<Unit filename="../../../code/pkg_UnitTest/Modules/TestCore/TestLogging.cpp" />
		<Unit filename="../../../code/pkg_UnitTest/Modules/TestCore/TestLogging.h" />
		<Unit filename="../../../code/pkg_UnitTest/Modules/TestCore/TestPluginManager.cpp" />
		<Unit filename="../../../code/pkg_UnitTest/Modules/TestCore/TestPluginManager.h" />
		<Unit filename="../../../code/pkg_UnitTest/Modules/TestCore/TestStringTable.cpp" />
		<Unit filename="../../../code/pkg_UnitTest/Modules/TestCore/TestStringTable.h" />
		<Unit filename="../../../code/pkg_UnitTest/Modules/TestCore/TestTextUtil.cpp" />
		<Unit filename="../../../code/pkg_UnitTest/Modules/TestCore/TestTextUtil.h" />
		<Extensions>
			<code_completion />
			<debugger />
			<envvars />
		</Extensions>
	</Project>
</CodeBlocks_project_file>
