<?xml version="1.0" encoding="UTF-8" standalone="yes" ?>
<CodeBlocks_project_file>
	<FileVersion major="1" minor="6" />
	<Project>
		<Option title="Win32DllTempl" />
		<Option pch_mode="2" />
		<Option compiler="gcc" />
		<Build>
			<Target title="Release">
				<Option output="../../../code/bin/unix/Release/Plugins/Win32DllTempl.plugin" prefix_auto="1" extension_auto="1" />
				<Option object_output="../../../obj/unix/Release/Win32DllTempl" />
				<Option type="3" />
				<Option compiler="gcc" />
				<Option createDefFile="0" />
				<Option createStaticLib="0" />
				<Compiler>
					<Add option="-Wall" />
					<Add option="-fexceptions" />
					<Add option="-O2" />
					<Add option="-DNDEBUG" />
					<Add option="-DUNICODE" />
					<Add option="-D_UNICODE" />
					<Add directory="../../../code/pkg_Example/Modules/Win32DllTempl" />
					<Add directory="../../../code/pkg_Example/Interface" />
					<Add directory="../../../code/pkg_Core/Interface" />
					<Add directory="../../../code/pkg_Core/Interface/Module" />
					<Add directory="../../../code/pkg_Core/Interface/UtilFunc" />
				</Compiler>
			</Target>
			<Target title="Debug">
				<Option output="../../../code/bin/unix/Debug/Plugins/Win32DllTempl.plugin" prefix_auto="1" extension_auto="1" />
				<Option object_output="../../../obj/unix/Debug/Win32DllTempl" />
				<Option type="3" />
				<Option compiler="gcc" />
				<Option createDefFile="0" />
				<Option createStaticLib="0" />
				<Compiler>
					<Add option="-Weffc++" />
					<Add option="-Wall" />
					<Add option="-g" />
					<Add option="-fexceptions" />
					<Add option="-D_DEBUG" />
					<Add option="-DUNICODE" />
					<Add option="-D_UNICODE" />
					<Add directory="../../../code/pkg_Example/Modules/Win32DllTempl" />
					<Add directory="../../../code/pkg_Example/Interface" />
					<Add directory="../../../code/pkg_Core/Interface" />
					<Add directory="../../../code/pkg_Core/Interface/Module" />
					<Add directory="../../../code/pkg_Core/Interface/UtilFunc" />
				</Compiler>
			</Target>
		</Build>
		<Linker></Linker>
		<Unit filename="../../../code/pkg_Example/Interface/ClsID_Example.h" />
		<Unit filename="../../../code/pkg_Example/Interface/Ix_Example.h" />
		<Unit filename="../../../code/pkg_Example/Modules/Win32DllTempl/Cx_Example.cpp" />
		<Unit filename="../../../code/pkg_Example/Modules/Win32DllTempl/Cx_Example.h" />
		<Unit filename="../../../code/pkg_Example/Modules/Win32DllTempl/Module.cpp" />
		<Unit filename="../../../code/pkg_Example/Modules/Win32DllTempl/Plugin.cpp" />
		<Unit filename="../../../code/pkg_Example/Modules/Win32DllTempl/Version.rc2" />
		<Unit filename="../../../code/pkg_Example/Modules/Win32DllTempl/Win32DllTempl.rc">
			<Option compilerVar="WINDRES" />
		</Unit>
		<Extensions>
			<code_completion />
			<debugger />
		</Extensions>
	</Project>
</CodeBlocks_project_file>
