<?xml version="1.0" encoding="utf-8"?>
<Project ToolsVersion="4.0" xmlns="http://schemas.microsoft.com/developer/msbuild/2003">
  <ItemGroup>
    <Filter Include="Source Files">
      <UniqueIdentifier>{4FC737F1-C7A5-4376-A066-2A32D752A2FF}</UniqueIdentifier>
      <Extensions>cpp;c;cc;cxx;def;odl;idl;hpj;bat;asm;asmx</Extensions>
    </Filter>
    <Filter Include="Header Files">
      <UniqueIdentifier>{93995380-89BD-4b04-88EB-625FBE52EBFB}</UniqueIdentifier>
      <Extensions>h;hpp;hxx;hm;inl;inc;xsd</Extensions>
    </Filter>
    <Filter Include="Interface">
      <UniqueIdentifier>{81dee690-f490-43e2-8b69-6c47a7fef97d}</UniqueIdentifier>
    </Filter>
  </ItemGroup>
  <ItemGroup>
    <ClInclude Include="stdafx.h">
      <Filter>Header Files</Filter>
    </ClInclude>
    <ClInclude Include="Cx_ObserverTest.h">
      <Filter>Header Files</Filter>
    </ClInclude>
    <ClInclude Include="DocObserverTest.h">
      <Filter>Header Files</Filter>
    </ClInclude>
    <ClInclude Include="Responsibility.h">
      <Filter>Header Files</Filter>
    </ClInclude>
    <ClInclude Include="ResponsibilityB.h">
      <Filter>Header Files</Filter>
    </ClInclude>
    <ClInclude Include="SelectionObserverTest.h">
      <Filter>Header Files</Filter>
    </ClInclude>
    <ClInclude Include="..\..\Interface\Ix_ChangeObserverTest.h">
      <Filter>Interface</Filter>
    </ClInclude>
    <ClInclude Include="ChainObserver.h">
      <Filter>Interface</Filter>
    </ClInclude>
    <ClInclude Include="ChainObserverB.h">
      <Filter>Interface</Filter>
    </ClInclude>
    <ClInclude Include="DocEventObserver.h">
      <Filter>Interface</Filter>
    </ClInclude>
    <ClInclude Include="NodeSelectionObserver.h">
      <Filter>Interface</Filter>
    </ClInclude>
  </ItemGroup>
  <ItemGroup>
    <ClCompile Include="stdafx.cpp">
      <Filter>Source Files</Filter>
    </ClCompile>
    <ClCompile Include="Module.cpp">
      <Filter>Source Files</Filter>
    </ClCompile>
    <ClCompile Include="Plugin.cpp">
      <Filter>Source Files</Filter>
    </ClCompile>
    <ClCompile Include="Cx_ObserverTest.cpp">
      <Filter>Source Files</Filter>
    </ClCompile>
  </ItemGroup>
</Project>