<?xml version="1.0" encoding="utf-8"?>
<Project ToolsVersion="4.0" xmlns="http://schemas.microsoft.com/developer/msbuild/2003">
  <ItemGroup>
    <Filter Include="Source Files">
      <UniqueIdentifier>{4FC737F1-C7A5-4376-A066-2A32D752A2FF}</UniqueIdentifier>
      <Extensions>cpp;c;cc;cxx;def;odl;idl;hpj;bat;asm;asmx</Extensions>
    </Filter>
    <Filter Include="Header Files">
      <UniqueIdentifier>{93995380-89BD-4b04-88EB-625FBE52EBFB}</UniqueIdentifier>
      <Extensions>h;hpp;hxx;hm;inl;inc;xsd</Extensions>
    </Filter>
    <Filter Include="Public">
      <UniqueIdentifier>{fcbac57f-7ab1-40b6-b340-5e93b513a262}</UniqueIdentifier>
    </Filter>
  </ItemGroup>
  <ItemGroup>
    <ClInclude Include="TestLoadPlugin.h">
      <Filter>Header Files</Filter>
    </ClInclude>
    <ClInclude Include="TestStringTable.h">
      <Filter>Header Files</Filter>
    </ClInclude>
    <ClInclude Include="TestPluginManager.h">
      <Filter>Header Files</Filter>
    </ClInclude>
    <ClInclude Include="TestLogging.h">
      <Filter>Header Files</Filter>
    </ClInclude>
    <ClInclude Include="TestChangeObserver.h">
      <Filter>Header Files</Filter>
    </ClInclude>
    <ClInclude Include="..\Public\BaseTest.h">
      <Filter>Public</Filter>
    </ClInclude>
    <ClInclude Include="..\Public\stdafx.h">
      <Filter>Public</Filter>
    </ClInclude>
    <ClInclude Include="TestConfigDB.h">
      <Filter>Header Files</Filter>
    </ClInclude>
  </ItemGroup>
  <ItemGroup>
    <ClCompile Include="TestLoadPlugin.cpp">
      <Filter>Source Files</Filter>
    </ClCompile>
    <ClCompile Include="TestStringTable.cpp">
      <Filter>Source Files</Filter>
    </ClCompile>
    <ClCompile Include="TestPluginManager.cpp">
      <Filter>Source Files</Filter>
    </ClCompile>
    <ClCompile Include="TestLogging.cpp">
      <Filter>Source Files</Filter>
    </ClCompile>
    <ClCompile Include="TestChangeObserver.cpp">
      <Filter>Source Files</Filter>
    </ClCompile>
    <ClCompile Include="..\Public\BaseTest.cpp">
      <Filter>Public</Filter>
    </ClCompile>
    <ClCompile Include="..\Public\stdafx.cpp">
      <Filter>Public</Filter>
    </ClCompile>
    <ClCompile Include="..\Public\UnitTests.cpp">
      <Filter>Public</Filter>
    </ClCompile>
    <ClCompile Include="TestConfigDB.cpp">
      <Filter>Source Files</Filter>
    </ClCompile>
  </ItemGroup>
</Project>